
Microsoft Visual Studio Solution File, Format Version 12.00
# Visual Studio 15
VisualStudioVersion = 15.0.28307.168
MinimumVisualStudioVersion = 10.0.40219.1
Project("{8BC9CEB8-8B4A-11D0-8D11-00A0C91BC942}") = "mathParser", "mathParser\mathParser.vcxproj", "{81EC5154-B29A-4F5D-AEA9-2E8DFC75C50F}"
EndProject
Global
	GlobalSection(SolutionConfigurationPlatforms) = preSolution
		Debug|x64 = Debug|x64
		Debug|x86 = Debug|x86
		Release|x64 = Release|x64
		Release|x86 = Release|x86
	EndGlobalSection
	GlobalSection(ProjectConfigurationPlatforms) = postSolution
		{81EC5154-B29A-4F5D-AEA9-2E8DFC75C50F}.Debug|x64.ActiveCfg = Debug|x64
		{81EC5154-B29A-4F5D-AEA9-2E8DFC75C50F}.Debug|x64.Build.0 = Debug|x64
		{81EC5154-B29A-4F5D-AEA9-2E8DFC75C50F}.Debug|x86.ActiveCfg = Debug|Win32
		{81EC5154-B29A-4F5D-AEA9-2E8DFC75C50F}.Debug|x86.Build.0 = Debug|Win32
		{81EC5154-B29A-4F5D-AEA9-2E8DFC75C50F}.Release|x64.ActiveCfg = Release|x64
		{81EC5154-B29A-4F5D-AEA9-2E8DFC75C50F}.Release|x64.Build.0 = Release|x64
		{81EC5154-B29A-4F5D-AEA9-2E8DFC75C50F}.Release|x86.ActiveCfg = Release|Win32
		{81EC5154-B29A-4F5D-AEA9-2E8DFC75C50F}.Release|x86.Build.0 = Release|Win32
	EndGlobalSection
	GlobalSection(SolutionProperties) = preSolution
		HideSolutionNode = FALSE
	EndGlobalSection
	GlobalSection(ExtensibilityGlobals) = postSolution
		SolutionGuid = {899EF8D6-37D7-4C61-A89E-83A104FE819D}
	EndGlobalSection
EndGlobal
